
Microsoft Visual Studio Solution File, Format Version 12.00
# Visual Studio Version 16
VisualStudioVersion = 16.0.29424.173
MinimumVisualStudioVersion = 10.0.40219.1
Project("{FAE04EC0-301F-11D3-BF4B-00C04F79EFBC}") = "SignUp", "Sign Up\SignUp.csproj", "{7D19D5D7-2A24-43EC-B1C6-1547085481D0}"
EndProject
Global
	GlobalSection(SolutionConfigurationPlatforms) = preSolution
		Debug|Any CPU = Debug|Any CPU
		Release|Any CPU = Release|Any CPU
	EndGlobalSection
	GlobalSection(ProjectConfigurationPlatforms) = postSolution
		{7D19D5D7-2A24-43EC-B1C6-1547085481D0}.Debug|Any CPU.ActiveCfg = Debug|Any CPU
		{7D19D5D7-2A24-43EC-B1C6-1547085481D0}.Debug|Any CPU.Build.0 = Debug|Any CPU
		{7D19D5D7-2A24-43EC-B1C6-1547085481D0}.Release|Any CPU.ActiveCfg = Release|Any CPU
		{7D19D5D7-2A24-43EC-B1C6-1547085481D0}.Release|Any CPU.Build.0 = Release|Any CPU
	EndGlobalSection
	GlobalSection(SolutionProperties) = preSolution
		HideSolutionNode = FALSE
	EndGlobalSection
	GlobalSection(ExtensibilityGlobals) = postSolution
		SolutionGuid = {6EDDA4E3-9124-4ABC-BD98-62DC885B253E}
	EndGlobalSection
EndGlobal
